# This file is automatically @generated by Cargo.
# It is not intended for manual editing.
version = 3

[[package]]
name = "b3-core"
version = "0.1.0"
dependencies = [
 "b3-display-handler",
 "core-foundation",
 "objc2",
 "objc2-app-kit",
 "objc2-foundation",
 "objc2-user-notifications",
]

[[package]]
name = "b3-display-handler"
version = "0.1.0"
source = "registry+https://github.com/rust-lang/crates.io-index"
checksum = "ee98e8e85dcefacdfa7184fc8c8ee51e0fde8b60aeb5a505d3af41a9e48c72a8"

[[package]]
name = "bitflags"
version = "2.5.0"
source = "registry+https://github.com/rust-lang/crates.io-index"
checksum = "cf4b9d6a944f767f8e5e0db018570623c85f3d925ac718db4e06d0187adb21c1"

[[package]]
name = "block2"
version = "0.5.1"
source = "registry+https://github.com/rust-lang/crates.io-index"
checksum = "2c132eebf10f5cad5289222520a4a058514204aed6d791f1cf4fe8088b82d15f"
dependencies = [
 "objc2",
]

[[package]]
name = "core-foundation"
version = "0.9.4"
source = "registry+https://github.com/rust-lang/crates.io-index"
checksum = "91e195e091a93c46f7102ec7818a2aa394e1e1771c3ab4825963fa03e45afb8f"
dependencies = [
 "core-foundation-sys",
 "libc",
]

[[package]]
name = "core-foundation-sys"
version = "0.8.6"
source = "registry+https://github.com/rust-lang/crates.io-index"
checksum = "06ea2b9bc92be3c2baa9334a323ebca2d6f074ff852cd1d7b11064035cd3868f"

[[package]]
name = "dispatch"
version = "0.2.0"
source = "registry+https://github.com/rust-lang/crates.io-index"
checksum = "bd0c93bb4b0c6d9b77f4435b0ae98c24d17f1c45b2ff844c6151a07256ca923b"

[[package]]
name = "libc"
version = "0.2.154"
source = "registry+https://github.com/rust-lang/crates.io-index"
checksum = "ae743338b92ff9146ce83992f766a31066a91a8c84a45e0e9f21e7cf6de6d346"

[[package]]
name = "objc-sys"
version = "0.3.5"
source = "registry+https://github.com/rust-lang/crates.io-index"
checksum = "cdb91bdd390c7ce1a8607f35f3ca7151b65afc0ff5ff3b34fa350f7d7c7e4310"

[[package]]
name = "objc2"
version = "0.5.2"
source = "registry+https://github.com/rust-lang/crates.io-index"
checksum = "46a785d4eeff09c14c487497c162e92766fbb3e4059a71840cecc03d9a50b804"
dependencies = [
 "objc-sys",
 "objc2-encode",
]

[[package]]
name = "objc2-app-kit"
version = "0.2.0"
source = "registry+https://github.com/rust-lang/crates.io-index"
checksum = "fb79768a710a9a1798848179edb186d1af7e8a8679f369e4b8d201dd2a034047"
dependencies = [
 "block2",
 "objc2",
 "objc2-core-data",
 "objc2-foundation",
]

[[package]]
name = "objc2-contacts"
version = "0.2.2"
source = "registry+https://github.com/rust-lang/crates.io-index"
checksum = "a5ff520e9c33812fd374d8deecef01d4a840e7b41862d849513de77e44aa4889"
dependencies = [
 "block2",
 "objc2",
 "objc2-foundation",
]

[[package]]
name = "objc2-core-data"
version = "0.2.0"
source = "registry+https://github.com/rust-lang/crates.io-index"
checksum = "6e092bc42eaf30a08844e6a076938c60751225ec81431ab89f5d1ccd9f958d6c"
dependencies = [
 "block2",
 "objc2",
 "objc2-foundation",
]

[[package]]
name = "objc2-core-location"
version = "0.2.2"
source = "registry+https://github.com/rust-lang/crates.io-index"
checksum = "000cfee34e683244f284252ee206a27953279d370e309649dc3ee317b37e5781"
dependencies = [
 "block2",
 "objc2",
 "objc2-contacts",
 "objc2-foundation",
]

[[package]]
name = "objc2-encode"
version = "4.0.3"
source = "registry+https://github.com/rust-lang/crates.io-index"
checksum = "7891e71393cd1f227313c9379a26a584ff3d7e6e7159e988851f0934c993f0f8"

[[package]]
name = "objc2-foundation"
version = "0.2.2"
source = "registry+https://github.com/rust-lang/crates.io-index"
checksum = "0ee638a5da3799329310ad4cfa62fbf045d5f56e3ef5ba4149e7452dcf89d5a8"
dependencies = [
 "bitflags",
 "block2",
 "dispatch",
 "libc",
 "objc2",
]

[[package]]
name = "objc2-user-notifications"
version = "0.2.2"
source = "registry+https://github.com/rust-lang/crates.io-index"
checksum = "76cfcbf642358e8689af64cee815d139339f3ed8ad05103ed5eaf73db8d84cb3"
dependencies = [
 "bitflags",
 "block2",
 "objc2",
 "objc2-core-location",
 "objc2-foundation",
]
